
Microsoft Visual Studio Solution File, Format Version 12.00
# Visual Studio Version 17
VisualStudioVersion = 17.1.32328.378
MinimumVisualStudioVersion = 10.0.40219.1
Project("{FAE04EC0-301F-11D3-BF4B-00C04F79EFBC}") = "SyncfusionWebApplication1", "SyncfusionWebApplication1.csproj", "{CBE4A105-FEB1-49BF-BF31-3F2ADBA3823F}"
EndProject
Global
	GlobalSection(SolutionConfigurationPlatforms) = preSolution
		Debug|Any CPU = Debug|Any CPU
		Release|Any CPU = Release|Any CPU
	EndGlobalSection
	GlobalSection(ProjectConfigurationPlatforms) = postSolution
		{CBE4A105-FEB1-49BF-BF31-3F2ADBA3823F}.Debug|Any CPU.ActiveCfg = Debug|Any CPU
		{CBE4A105-FEB1-49BF-BF31-3F2ADBA3823F}.Debug|Any CPU.Build.0 = Debug|Any CPU
		{CBE4A105-FEB1-49BF-BF31-3F2ADBA3823F}.Release|Any CPU.ActiveCfg = Release|Any CPU
		{CBE4A105-FEB1-49BF-BF31-3F2ADBA3823F}.Release|Any CPU.Build.0 = Release|Any CPU
	EndGlobalSection
	GlobalSection(SolutionProperties) = preSolution
		HideSolutionNode = FALSE
	EndGlobalSection
	GlobalSection(ExtensibilityGlobals) = postSolution
		SolutionGuid = {E94D6EC9-5606-432B-BA2A-66445FB3F246}
	EndGlobalSection
EndGlobal
